<?xml version="1.0" encoding="utf-8"?>
<Project ToolsVersion="4.0" xmlns="http://schemas.microsoft.com/developer/msbuild/2003">
  <ItemGroup>
    <Filter Include="Archivos de origen">
      <UniqueIdentifier>{4FC737F1-C7A5-4376-A066-2A32D752A2FF}</UniqueIdentifier>
      <Extensions>cpp;c;cc;cxx;def;odl;idl;hpj;bat;asm;asmx</Extensions>
    </Filter>
    <Filter Include="Archivos de encabezado">
      <UniqueIdentifier>{93995380-89BD-4b04-88EB-625FBE52EBFB}</UniqueIdentifier>
      <Extensions>h;hh;hpp;hxx;hm;inl;inc;ipp;xsd</Extensions>
    </Filter>
    <Filter Include="Archivos de recursos">
      <UniqueIdentifier>{67DA6AB6-F800-4c08-8B7A-83BB121AAD01}</UniqueIdentifier>
      <Extensions>rc;ico;cur;bmp;dlg;rc2;rct;bin;rgs;gif;jpg;jpeg;jpe;resx;tiff;tif;png;wav;mfcribbon-ms</Extensions>
    </Filter>
    <Filter Include="Archivos de encabezado\tramas">
      <UniqueIdentifier>{c3994e4c-47f4-401c-b09a-257c9f59bc2a}</UniqueIdentifier>
    </Filter>
    <Filter Include="Archivos de origen\tramas">
      <UniqueIdentifier>{2427afdc-4459-46f7-b3ab-5e7ffd7ad16f}</UniqueIdentifier>
    </Filter>
  </ItemGroup>
  <ItemGroup>
    <ClInclude Include="include\administrador.h">
      <Filter>Archivos de encabezado</Filter>
    </ClInclude>
    <ClInclude Include="include\serial.h">
      <Filter>Archivos de encabezado</Filter>
    </ClInclude>
    <ClInclude Include="include\trama.h">
      <Filter>Archivos de encabezado\tramas</Filter>
    </ClInclude>
    <ClInclude Include="include\trama_gps.h">
      <Filter>Archivos de encabezado\tramas</Filter>
    </ClInclude>
    <ClInclude Include="include\trama_pulsadores.h">
      <Filter>Archivos de encabezado\tramas</Filter>
    </ClInclude>
    <ClInclude Include="include\trama_pupitre.h">
      <Filter>Archivos de encabezado\tramas</Filter>
    </ClInclude>
    <ClInclude Include="include\trama_seon.h">
      <Filter>Archivos de encabezado\tramas</Filter>
    </ClInclude>
  </ItemGroup>
  <ItemGroup>
    <ClCompile Include="source\administrador.cpp">
      <Filter>Archivos de origen</Filter>
    </ClCompile>
    <ClCompile Include="source\serial.cpp">
      <Filter>Archivos de origen</Filter>
    </ClCompile>
    <ClCompile Include="source\trama_gps.cpp">
      <Filter>Archivos de origen\tramas</Filter>
    </ClCompile>
    <ClCompile Include="source\trama_pulsadores.cpp">
      <Filter>Archivos de origen\tramas</Filter>
    </ClCompile>
    <ClCompile Include="source\trama_pupitre.cpp">
      <Filter>Archivos de origen\tramas</Filter>
    </ClCompile>
    <ClCompile Include="source\trama_seon.cpp">
      <Filter>Archivos de origen\tramas</Filter>
    </ClCompile>
  </ItemGroup>
</Project>