<?xml version="1.0" encoding="utf-8"?>
<Project ToolsVersion="4.0" xmlns="http://schemas.microsoft.com/developer/msbuild/2003">
  <ItemGroup>
    <ClCompile Include="main.cpp" />
    <ClCompile Include="source\consola_seon.cpp">
      <Filter>Source Files</Filter>
    </ClCompile>
    <ClCompile Include="source\capturador.cpp">
      <Filter>Source Files\filmacion</Filter>
    </ClCompile>
    <ClCompile Include="source\convertidor_captura.cpp">
      <Filter>Source Files\filmacion</Filter>
    </ClCompile>
    <ClCompile Include="source\convertidor_grabado.cpp">
      <Filter>Source Files\grabacion</Filter>
    </ClCompile>
    <ClCompile Include="source\grabador.cpp">
      <Filter>Source Files\grabacion</Filter>
    </ClCompile>
    <ClCompile Include="source\filmacion_opencv.cpp">
      <Filter>Source Files</Filter>
    </ClCompile>
    <ClCompile Include="source\visor_filmacion.cpp">
      <Filter>Source Files\filmacion</Filter>
    </ClCompile>
    <ClCompile Include="source\grabacion_opencv.cpp">
      <Filter>Source Files</Filter>
    </ClCompile>
    <ClCompile Include="source\comunicador.cpp">
      <Filter>Source Files</Filter>
    </ClCompile>
    <ClCompile Include="source\sprite.cpp">
      <Filter>Source Files\hud</Filter>
    </ClCompile>
    <ClCompile Include="source\hud.cpp">
      <Filter>Source Files\hud</Filter>
    </ClCompile>
    <ClCompile Include="source\lanchas.cpp">
      <Filter>Source Files\hud</Filter>
    </ClCompile>
    <ClCompile Include="source\radar.cpp">
      <Filter>Source Files\hud</Filter>
    </ClCompile>
    <ClCompile Include="source\tracking.cpp">
      <Filter>Source Files\hud</Filter>
    </ClCompile>
  </ItemGroup>
  <ItemGroup>
    <Filter Include="Resource Files">
      <UniqueIdentifier>{D9D6E242-F8AF-46E4-B9FD-80ECBC20BA3E}</UniqueIdentifier>
      <Extensions>qrc;*</Extensions>
      <ParseFiles>false</ParseFiles>
    </Filter>
    <Filter Include="Source Files">
      <UniqueIdentifier>{4FC737F1-C7A5-4376-A066-2A32D752A2FF}</UniqueIdentifier>
      <Extensions>cpp;c;cc;cxx;def;odl;idl;hpj;bat;asm;asmx</Extensions>
      <ParseFiles>true</ParseFiles>
    </Filter>
    <Filter Include="Header Files">
      <UniqueIdentifier>{93995380-89BD-4b04-88EB-625FBE52EBFB}</UniqueIdentifier>
      <Extensions>h;hh;hpp;hxx;hm;inl;inc;xsd</Extensions>
      <ParseFiles>true</ParseFiles>
    </Filter>
    <Filter Include="Form Files">
      <UniqueIdentifier>{99349809-55BA-4b9d-BF79-8FDBB0286EB3}</UniqueIdentifier>
      <Extensions>ui</Extensions>
      <ParseFiles>true</ParseFiles>
    </Filter>
    <Filter Include="Header Files\filmacion">
      <UniqueIdentifier>{e35a0e96-7554-4e7d-9c19-dca341b7e36c}</UniqueIdentifier>
    </Filter>
    <Filter Include="Header Files\grabacion">
      <UniqueIdentifier>{3f80196d-dff6-4175-b03b-ee2e551cd7f8}</UniqueIdentifier>
    </Filter>
    <Filter Include="Source Files\filmacion">
      <UniqueIdentifier>{695ce4a1-da93-4993-a871-a94ab9be7176}</UniqueIdentifier>
    </Filter>
    <Filter Include="Source Files\grabacion">
      <UniqueIdentifier>{560dc432-5419-40ef-9a89-41bed2f54f29}</UniqueIdentifier>
    </Filter>
    <Filter Include="Header Files\hud">
      <UniqueIdentifier>{1e954b20-da3c-4abb-86f6-b0161ea698a4}</UniqueIdentifier>
    </Filter>
    <Filter Include="Source Files\hud">
      <UniqueIdentifier>{0866c5e8-cf02-4d21-9f1d-7a5fe3c0ca1e}</UniqueIdentifier>
    </Filter>
  </ItemGroup>
  <ItemGroup>
    <QtMoc Include="include\consola_seon.h">
      <Filter>Header Files</Filter>
    </QtMoc>
    <QtMoc Include="include\capturador.h">
      <Filter>Header Files\filmacion</Filter>
    </QtMoc>
    <QtMoc Include="include\convertidor_captura.h">
      <Filter>Header Files\filmacion</Filter>
    </QtMoc>
    <QtMoc Include="include\convertidor_grabado.h">
      <Filter>Header Files\grabacion</Filter>
    </QtMoc>
    <QtMoc Include="include\grabador.h">
      <Filter>Header Files\grabacion</Filter>
    </QtMoc>
    <QtMoc Include="include\visor_filmacion.h">
      <Filter>Header Files\filmacion</Filter>
    </QtMoc>
    <QtMoc Include="include\grabacion_opencv.h">
      <Filter>Header Files</Filter>
    </QtMoc>
    <QtMoc Include="include\comunicador.h">
      <Filter>Header Files</Filter>
    </QtMoc>
    <QtMoc Include="include\sprite.h">
      <Filter>Header Files\hud</Filter>
    </QtMoc>
    <QtMoc Include="include\hud.h">
      <Filter>Header Files\hud</Filter>
    </QtMoc>
    <QtMoc Include="include\lanchas.h">
      <Filter>Header Files\hud</Filter>
    </QtMoc>
    <QtMoc Include="include\radar.h">
      <Filter>Header Files\hud</Filter>
    </QtMoc>
    <QtMoc Include="include\tracking.h">
      <Filter>Header Files\hud</Filter>
    </QtMoc>
  </ItemGroup>
  <ItemGroup>
    <QtUic Include="consola_seon.ui">
      <Filter>Form Files</Filter>
    </QtUic>
  </ItemGroup>
  <ItemGroup>
    <QtRcc Include="consola_seon.qrc">
      <Filter>Resource Files</Filter>
    </QtRcc>
  </ItemGroup>
  <ItemGroup>
    <ResourceCompile Include="consola-seon.rc" />
  </ItemGroup>
  <ItemGroup>
    <ClInclude Include="include\filmacion_opencv.h">
      <Filter>Header Files</Filter>
    </ClInclude>
  </ItemGroup>
</Project>